
Microsoft Visual Studio Solution File, Format Version 12.00
# Visual Studio for Mac
Project("{FAE04EC0-301F-11D3-BF4B-00C04F79EFBC}") = "MeshingTesting", "Assembly-CSharp.csproj", "{4BA532F7-7BB3-2DA1-238A-F91F8A9AA964}"
EndProject
Project("{FAE04EC0-301F-11D3-BF4B-00C04F79EFBC}") = "MeshingTesting", "Assembly-CSharp-Editor.csproj", "{35419727-BB15-AA79-DFEA-B8AF1DB0AE68}"
EndProject
Global
	GlobalSection(SolutionConfigurationPlatforms) = preSolution
		Debug|Any CPU = Debug|Any CPU
		Release|Any CPU = Release|Any CPU
	EndGlobalSection
	GlobalSection(ProjectConfigurationPlatforms) = postSolution
		{4BA532F7-7BB3-2DA1-238A-F91F8A9AA964}.Debug|Any CPU.ActiveCfg = Debug|Any CPU
		{4BA532F7-7BB3-2DA1-238A-F91F8A9AA964}.Debug|Any CPU.Build.0 = Debug|Any CPU
		{4BA532F7-7BB3-2DA1-238A-F91F8A9AA964}.Release|Any CPU.ActiveCfg = Release|Any CPU
		{4BA532F7-7BB3-2DA1-238A-F91F8A9AA964}.Release|Any CPU.Build.0 = Release|Any CPU
		{35419727-BB15-AA79-DFEA-B8AF1DB0AE68}.Debug|Any CPU.ActiveCfg = Debug|Any CPU
		{35419727-BB15-AA79-DFEA-B8AF1DB0AE68}.Debug|Any CPU.Build.0 = Debug|Any CPU
		{35419727-BB15-AA79-DFEA-B8AF1DB0AE68}.Release|Any CPU.ActiveCfg = Release|Any CPU
		{35419727-BB15-AA79-DFEA-B8AF1DB0AE68}.Release|Any CPU.Build.0 = Release|Any CPU
	EndGlobalSection
	GlobalSection(SolutionProperties) = preSolution
		HideSolutionNode = FALSE
	EndGlobalSection
EndGlobal
